{
  "name": "bot",
  "version": "1.0.0",
  "lockfileVersion": 2,
  "requires": true,
  "packages": {
    "": {
      "name": "bot",
      "version": "1.0.0",
      "license": "ISC",
      "dependencies": {
        "knex": "^2.4.2",
        "pg": "^8.9.0",
        "telegraf": "^4.11.2"
      }
    },
    "node_modules/abort-controller": {
      "version": "3.0.0",
      "resolved": "https://npm.iranrepo.ir/api/npm/npm-all/abort-controller/-/abort-controller-3.0.0.tgz",
      "integrity": "sha1-6vVNU7YrrkE46AnKIlyEOabvs5I=",
      "license": "MIT",
      "dependencies": {
        "event-target-shim": "^5.0.0"
      },
      "engines": {
        "node": ">=6.5"
      }
    },
    "node_modules/buffer-alloc": {
      "version": "1.2.0",
      "resolved": "https://npm.iranrepo.ir/api/npm/npm-all/buffer-alloc/-/buffer-alloc-1.2.0.tgz",
      "integrity": "sha1-iQ3ZDZI6hz4I4Q5f1RpX5bfM4Ow=",
      "license": "MIT",
      "dependencies": {
        "buffer-alloc-unsafe": "^1.1.0",
        "buffer-fill": "^1.0.0"
      }
    },
    "node_modules/buffer-alloc-unsafe": {
      "version": "1.1.0",
      "resolved": "https://npm.iranrepo.ir/api/npm/npm-all/buffer-alloc-unsafe/-/buffer-alloc-unsafe-1.1.0.tgz",
      "integrity": "sha1-vX3CauKXLQ7aJTvgYdupkjScGfA=",
      "license": "MIT"
    },
    "node_modules/buffer-fill": {
      "version": "1.0.0",
      "resolved": "https://npm.iranrepo.ir/api/npm/npm-all/buffer-fill/-/buffer-fill-1.0.0.tgz",
      "integrity": "sha1-+PeLdniYiO858gXNY39o5wISKyw=",
      "license": "MIT"
    },
    "node_modules/buffer-writer": {
      "version": "2.0.0",
      "resolved": "https://npm.iranrepo.ir/api/npm/npm-all/buffer-writer/-/buffer-writer-2.0.0.tgz",
      "integrity": "sha1-zn64Gjj3gp2wnIc/L7t5LAyY7AQ=",
      "license": "MIT",
      "engines": {
        "node": ">=4"
      }
    },
    "node_modules/colorette": {
      "version": "2.0.19",
      "resolved": "https://npm.iranrepo.ir/api/npm/npm-all/colorette/-/colorette-2.0.19.tgz",
      "integrity": "sha1-zfBE9HrUGg9LVrOg1bTm4aLVp5g=",
      "license": "MIT"
    },
    "node_modules/commander": {
      "version": "9.5.0",
      "resolved": "https://npm.iranrepo.ir/api/npm/npm-all/commander/-/commander-9.5.0.tgz",
      "integrity": "sha1-vAjR61zt98y3l6lhmdQce8PmDTA=",
      "license": "MIT",
      "engines": {
        "node": "^12.20.0 || >=14"
      }
    },
    "node_modules/debug": {
      "version": "4.3.4",
      "resolved": "https://npm.iranrepo.ir/api/npm/npm-all/debug/-/debug-4.3.4.tgz",
      "integrity": "sha1-Exn2V5NX8jONMzfSzdSRS7XcyGU=",
      "license": "MIT",
      "dependencies": {
        "ms": "2.1.2"
      },
      "engines": {
        "node": ">=6.0"
      },
      "peerDependenciesMeta": {
        "supports-color": {
          "optional": true
        }
      }
    },
    "node_modules/escalade": {
      "version": "3.1.1",
      "resolved": "https://npm.iranrepo.ir/api/npm/npm-all/escalade/-/escalade-3.1.1.tgz",
      "integrity": "sha1-2M/ccACWXFoBdLSoLqpcBVJ0LkA=",
      "license": "MIT",
      "engines": {
        "node": ">=6"
      }
    },
    "node_modules/esm": {
      "version": "3.2.25",
      "resolved": "https://npm.iranrepo.ir/api/npm/npm-all/esm/-/esm-3.2.25.tgz",
      "integrity": "sha1-NCwYwp1WFXaIulzjH4Qx+7eVzBA=",
      "license": "MIT",
      "engines": {
        "node": ">=6"
      }
    },
    "node_modules/event-target-shim": {
      "version": "5.0.1",
      "resolved": "https://npm.iranrepo.ir/api/npm/npm-all/event-target-shim/-/event-target-shim-5.0.1.tgz",
      "integrity": "sha1-XU0+vflYPWOlMzzi3rdICrKwV4k=",
      "license": "MIT",
      "engines": {
        "node": ">=6"
      }
    },
    "node_modules/function-bind": {
      "version": "1.1.1",
      "resolved": "https://npm.iranrepo.ir/api/npm/npm-all/function-bind/-/function-bind-1.1.1.tgz",
      "integrity": "sha1-pWiZ0+o8m6uHS7l3O3xe3pL0iV0=",
      "license": "MIT"
    },
    "node_modules/get-package-type": {
      "version": "0.1.0",
      "resolved": "https://npm.iranrepo.ir/api/npm/npm-all/get-package-type/-/get-package-type-0.1.0.tgz",
      "integrity": "sha1-jeLYA8/0TfO8bEVuZmizbDkm4Ro=",
      "license": "MIT",
      "engines": {
        "node": ">=8.0.0"
      }
    },
    "node_modules/getopts": {
      "version": "2.3.0",
      "resolved": "https://npm.iranrepo.ir/api/npm/npm-all/getopts/-/getopts-2.3.0.tgz",
      "integrity": "sha1-ceVZMoSAfgPiQnRJ1PZxKiaGZvQ=",
      "license": "MIT"
    },
    "node_modules/has": {
      "version": "1.0.3",
      "resolved": "https://npm.iranrepo.ir/api/npm/npm-all/has/-/has-1.0.3.tgz",
      "integrity": "sha1-ci18v8H2qoJB8W3YFOAR4fQeh5Y=",
      "license": "MIT",
      "dependencies": {
        "function-bind": "^1.1.1"
      },
      "engines": {
        "node": ">= 0.4.0"
      }
    },
    "node_modules/interpret": {
      "version": "2.2.0",
      "resolved": "https://npm.iranrepo.ir/api/npm/npm-all/interpret/-/interpret-2.2.0.tgz",
      "integrity": "sha1-GnigtZZcQKVBbQB61vUK0nxBffk=",
      "license": "MIT",
      "engines": {
        "node": ">= 0.10"
      }
    },
    "node_modules/is-core-module": {
      "version": "2.11.0",
      "resolved": "https://npm.iranrepo.ir/api/npm/npm-all/is-core-module/-/is-core-module-2.11.0.tgz",
      "integrity": "sha1-rUyz44Y+gUUjyW8/WNJsxXD/AUQ=",
      "license": "MIT",
      "dependencies": {
        "has": "^1.0.3"
      },
      "funding": {
        "url": "https://github.com/sponsors/ljharb"
      }
    },
    "node_modules/knex": {
      "version": "2.4.2",
      "resolved": "https://npm.iranrepo.ir/api/npm/npm-all/knex/-/knex-2.4.2.tgz",
      "integrity": "sha1-o0oonThAbcGaBEenjury0W6+3WE=",
      "license": "MIT",
      "dependencies": {
        "colorette": "2.0.19",
        "commander": "^9.1.0",
        "debug": "4.3.4",
        "escalade": "^3.1.1",
        "esm": "^3.2.25",
        "get-package-type": "^0.1.0",
        "getopts": "2.3.0",
        "interpret": "^2.2.0",
        "lodash": "^4.17.21",
        "pg-connection-string": "2.5.0",
        "rechoir": "^0.8.0",
        "resolve-from": "^5.0.0",
        "tarn": "^3.0.2",
        "tildify": "2.0.0"
      },
      "bin": {
        "knex": "bin/cli.js"
      },
      "engines": {
        "node": ">=12"
      },
      "peerDependenciesMeta": {
        "better-sqlite3": {
          "optional": true
        },
        "mysql": {
          "optional": true
        },
        "mysql2": {
          "optional": true
        },
        "pg": {
          "optional": true
        },
        "pg-native": {
          "optional": true
        },
        "sqlite3": {
          "optional": true
        },
        "tedious": {
          "optional": true
        }
      }
    },
    "node_modules/lodash": {
      "version": "4.17.21",
      "resolved": "https://npm.iranrepo.ir/api/npm/npm-all/lodash/-/lodash-4.17.21.tgz",
      "integrity": "sha1-Z5WRxWTDv/quhFTPCz3zcMPWkRw=",
      "license": "MIT"
    },
    "node_modules/mri": {
      "version": "1.2.0",
      "resolved": "https://npm.iranrepo.ir/api/npm/npm-all/mri/-/mri-1.2.0.tgz",
      "integrity": "sha1-ZyFID+wqEaSImGERWki2y+fMjws=",
      "license": "MIT",
      "engines": {
        "node": ">=4"
      }
    },
    "node_modules/ms": {
      "version": "2.1.2",
      "resolved": "https://npm.iranrepo.ir/api/npm/npm-all/ms/-/ms-2.1.2.tgz",
      "integrity": "sha1-0J0fNXtEP0kzgqjrPM0YOHKuYAk=",
      "license": "MIT"
    },
    "node_modules/node-fetch": {
      "version": "2.6.8",
      "resolved": "https://npm.iranrepo.ir/api/npm/npm-all/node-fetch/-/node-fetch-2.6.8.tgz",
      "integrity": "sha1-po0wsWK8HY/XGjZ+gbmX4fTUk34=",
      "license": "MIT",
      "dependencies": {
        "whatwg-url": "^5.0.0"
      },
      "engines": {
        "node": "4.x || >=6.0.0"
      },
      "peerDependencies": {
        "encoding": "^0.1.0"
      },
      "peerDependenciesMeta": {
        "encoding": {
          "optional": true
        }
      }
    },
    "node_modules/p-timeout": {
      "version": "4.1.0",
      "resolved": "https://npm.iranrepo.ir/api/npm/npm-all/p-timeout/-/p-timeout-4.1.0.tgz",
      "integrity": "sha1-eIJTwEUqsP/s8Ypi3/lP8b0Jygo=",
      "license": "MIT",
      "engines": {
        "node": ">=10"
      }
    },
    "node_modules/packet-reader": {
      "version": "1.0.0",
      "resolved": "https://npm.iranrepo.ir/api/npm/npm-all/packet-reader/-/packet-reader-1.0.0.tgz",
      "integrity": "sha1-kjjlSA3tq6z+H+PydxBj8WQVfXQ=",
      "license": "MIT"
    },
    "node_modules/path-parse": {
      "version": "1.0.7",
      "resolved": "https://npm.iranrepo.ir/api/npm/npm-all/path-parse/-/path-parse-1.0.7.tgz",
      "integrity": "sha1-+8EUtgykKzDZ2vWFjkvWi77bZzU=",
      "license": "MIT"
    },
    "node_modules/pg": {
      "version": "8.9.0",
      "resolved": "https://npm.iranrepo.ir/api/npm/npm-all/pg/-/pg-8.9.0.tgz",
      "integrity": "sha1-c8XXeoVNNrDhhUUNrLi5DGaeBAs=",
      "license": "MIT",
      "dependencies": {
        "buffer-writer": "2.0.0",
        "packet-reader": "1.0.0",
        "pg-connection-string": "^2.5.0",
        "pg-pool": "^3.5.2",
        "pg-protocol": "^1.6.0",
        "pg-types": "^2.1.0",
        "pgpass": "1.x"
      },
      "engines": {
        "node": ">= 8.0.0"
      },
      "peerDependencies": {
        "pg-native": ">=3.0.1"
      },
      "peerDependenciesMeta": {
        "pg-native": {
          "optional": true
        }
      }
    },
    "node_modules/pg-connection-string": {
      "version": "2.5.0",
      "resolved": "https://npm.iranrepo.ir/api/npm/npm-all/pg-connection-string/-/pg-connection-string-2.5.0.tgz",
      "integrity": "sha1-U4yt0PfmA/wJoSWQ87ikUsLAzzQ=",
      "license": "MIT"
    },
    "node_modules/pg-int8": {
      "version": "1.0.1",
      "resolved": "https://npm.iranrepo.ir/api/npm/npm-all/pg-int8/-/pg-int8-1.0.1.tgz",
      "integrity": "sha1-lDvUY79bcbQXARX4D478mgwOt4w=",
      "license": "ISC",
      "engines": {
        "node": ">=4.0.0"
      }
    },
    "node_modules/pg-pool": {
      "version": "3.5.2",
      "resolved": "https://npm.iranrepo.ir/api/npm/npm-all/pg-pool/-/pg-pool-3.5.2.tgz",
      "integrity": "sha1-7RvtH7jXnxxv1fscmemQ+/nd8Xg=",
      "license": "MIT",
      "peerDependencies": {
        "pg": ">=8.0"
      }
    },
    "node_modules/pg-protocol": {
      "version": "1.6.0",
      "resolved": "https://npm.iranrepo.ir/api/npm/npm-all/pg-protocol/-/pg-protocol-1.6.0.tgz",
      "integrity": "sha1-TJFhPAMVNJNjryCEYI24Q1AviDM=",
      "license": "MIT"
    },
    "node_modules/pg-types": {
      "version": "2.2.0",
      "resolved": "https://npm.iranrepo.ir/api/npm/npm-all/pg-types/-/pg-types-2.2.0.tgz",
      "integrity": "sha1-LQJQ1jZFT3z6O2rgOC/fqAYyVKM=",
      "license": "MIT",
      "dependencies": {
        "pg-int8": "1.0.1",
        "postgres-array": "~2.0.0",
        "postgres-bytea": "~1.0.0",
        "postgres-date": "~1.0.4",
        "postgres-interval": "^1.1.0"
      },
      "engines": {
        "node": ">=4"
      }
    },
    "node_modules/pgpass": {
      "version": "1.0.5",
      "resolved": "https://npm.iranrepo.ir/api/npm/npm-all/pgpass/-/pgpass-1.0.5.tgz",
      "integrity": "sha1-m4c+SlZLsQ+np9vVUxJyjUIqIj0=",
      "license": "MIT",
      "dependencies": {
        "split2": "^4.1.0"
      }
    },
    "node_modules/postgres-array": {
      "version": "2.0.0",
      "resolved": "https://npm.iranrepo.ir/api/npm/npm-all/postgres-array/-/postgres-array-2.0.0.tgz",
      "integrity": "sha1-SPj84FT7xpZxmZMpuINLdyZS2C4=",
      "license": "MIT",
      "engines": {
        "node": ">=4"
      }
    },
    "node_modules/postgres-bytea": {
      "version": "1.0.0",
      "resolved": "https://npm.iranrepo.ir/api/npm/npm-all/postgres-bytea/-/postgres-bytea-1.0.0.tgz",
      "integrity": "sha1-AntTPAqokOJtFy1Hz5zOzFIazTU=",
      "license": "MIT",
      "engines": {
        "node": ">=0.10.0"
      }
    },
    "node_modules/postgres-date": {
      "version": "1.0.7",
      "resolved": "https://npm.iranrepo.ir/api/npm/npm-all/postgres-date/-/postgres-date-1.0.7.tgz",
      "integrity": "sha1-UbwIYAYAXlBhxZHO5yfyUxv2Qag=",
      "license": "MIT",
      "engines": {
        "node": ">=0.10.0"
      }
    },
    "node_modules/postgres-interval": {
      "version": "1.2.0",
      "resolved": "https://npm.iranrepo.ir/api/npm/npm-all/postgres-interval/-/postgres-interval-1.2.0.tgz",
      "integrity": "sha1-tGDILLFYdQd4iBmgaqD//bNURpU=",
      "license": "MIT",
      "dependencies": {
        "xtend": "^4.0.0"
      },
      "engines": {
        "node": ">=0.10.0"
      }
    },
    "node_modules/rechoir": {
      "version": "0.8.0",
      "resolved": "https://npm.iranrepo.ir/api/npm/npm-all/rechoir/-/rechoir-0.8.0.tgz",
      "integrity": "sha1-Sfhm4NMhRhQto62PDv81KzIV/yI=",
      "license": "MIT",
      "dependencies": {
        "resolve": "^1.20.0"
      },
      "engines": {
        "node": ">= 10.13.0"
      }
    },
    "node_modules/resolve": {
      "version": "1.22.1",
      "resolved": "https://npm.iranrepo.ir/api/npm/npm-all/resolve/-/resolve-1.22.1.tgz",
      "integrity": "sha1-J8suu1P5GrtJRwqSi7p1WAZqwXc=",
      "license": "MIT",
      "dependencies": {
        "is-core-module": "^2.9.0",
        "path-parse": "^1.0.7",
        "supports-preserve-symlinks-flag": "^1.0.0"
      },
      "bin": {
        "resolve": "bin/resolve"
      },
      "funding": {
        "url": "https://github.com/sponsors/ljharb"
      }
    },
    "node_modules/resolve-from": {
      "version": "5.0.0",
      "resolved": "https://npm.iranrepo.ir/api/npm/npm-all/resolve-from/-/resolve-from-5.0.0.tgz",
      "integrity": "sha1-w1IlhD3493bfIcV1V7wIfp39/Gk=",
      "license": "MIT",
      "engines": {
        "node": ">=8"
      }
    },
    "node_modules/safe-compare": {
      "version": "1.1.4",
      "resolved": "https://npm.iranrepo.ir/api/npm/npm-all/safe-compare/-/safe-compare-1.1.4.tgz",
      "integrity": "sha1-XgEoU4qCgg4uklDNeORdpnhrpZM=",
      "license": "MIT",
      "dependencies": {
        "buffer-alloc": "^1.2.0"
      }
    },
    "node_modules/sandwich-stream": {
      "version": "2.0.2",
      "resolved": "https://npm.iranrepo.ir/api/npm/npm-all/sandwich-stream/-/sandwich-stream-2.0.2.tgz",
      "integrity": "sha1-bR/rbPfp/p+ttBUTRZpywuhAAPo=",
      "license": "Apache-2.0",
      "engines": {
        "node": ">= 0.10"
      }
    },
    "node_modules/split2": {
      "version": "4.1.0",
      "resolved": "https://npm.iranrepo.ir/api/npm/npm-all/split2/-/split2-4.1.0.tgz",
      "integrity": "sha1-EBkHokNw+Fu3gvCK2qvk4oHs+Ak=",
      "license": "ISC",
      "engines": {
        "node": ">= 10.x"
      }
    },
    "node_modules/supports-preserve-symlinks-flag": {
      "version": "1.0.0",
      "resolved": "https://npm.iranrepo.ir/api/npm/npm-all/supports-preserve-symlinks-flag/-/supports-preserve-symlinks-flag-1.0.0.tgz",
      "integrity": "sha1-btpL00SjyUrqN21MwxvHcxEDngk=",
      "license": "MIT",
      "engines": {
        "node": ">= 0.4"
      },
      "funding": {
        "url": "https://github.com/sponsors/ljharb"
      }
    },
    "node_modules/tarn": {
      "version": "3.0.2",
      "resolved": "https://npm.iranrepo.ir/api/npm/npm-all/tarn/-/tarn-3.0.2.tgz",
      "integrity": "sha1-c7YUD7uIG3FVnE+L/ePZpLPSdpM=",
      "license": "MIT",
      "engines": {
        "node": ">=8.0.0"
      }
    },
    "node_modules/telegraf": {
      "version": "4.11.2",
      "resolved": "https://npm.iranrepo.ir/api/npm/npm-all/telegraf/-/telegraf-4.11.2.tgz",
      "integrity": "sha1-HPTnRBi0+26t3RGnTMULCXHAbDU=",
      "license": "MIT",
      "dependencies": {
        "abort-controller": "^3.0.0",
        "debug": "^4.3.4",
        "mri": "^1.2.0",
        "node-fetch": "^2.6.7",
        "p-timeout": "^4.1.0",
        "safe-compare": "^1.1.4",
        "sandwich-stream": "^2.0.2",
        "typegram": "^4.1.0"
      },
      "bin": {
        "telegraf": "lib/cli.mjs"
      },
      "engines": {
        "node": "^12.20.0 || >=14.13.1"
      }
    },
    "node_modules/tildify": {
      "version": "2.0.0",
      "resolved": "https://npm.iranrepo.ir/api/npm/npm-all/tildify/-/tildify-2.0.0.tgz",
      "integrity": "sha1-8gXzZ01nfOaYtwZ6melJzgO0dUo=",
      "license": "MIT",
      "engines": {
        "node": ">=8"
      }
    },
    "node_modules/tr46": {
      "version": "0.0.3",
      "resolved": "https://npm.iranrepo.ir/api/npm/npm-all/tr46/-/tr46-0.0.3.tgz",
      "integrity": "sha1-gYT9NH2snNwYWZLzpmIuFLnZq2o=",
      "license": "MIT"
    },
    "node_modules/typegram": {
      "version": "4.2.0",
      "resolved": "https://npm.iranrepo.ir/api/npm/npm-all/typegram/-/typegram-4.2.0.tgz",
      "integrity": "sha1-w/2451daGD4ZlOIURAqo8SpGjUM=",
      "license": "MIT"
    },
    "node_modules/webidl-conversions": {
      "version": "3.0.1",
      "resolved": "https://npm.iranrepo.ir/api/npm/npm-all/webidl-conversions/-/webidl-conversions-3.0.1.tgz",
      "integrity": "sha1-JFNCdeKnvGvnvIZhHMFq4KVlSHE=",
      "license": "BSD-2-Clause"
    },
    "node_modules/whatwg-url": {
      "version": "5.0.0",
      "resolved": "https://npm.iranrepo.ir/api/npm/npm-all/whatwg-url/-/whatwg-url-5.0.0.tgz",
      "integrity": "sha1-lmRU6HZUYuN2RNNib2dCzotwll0=",
      "license": "MIT",
      "dependencies": {
        "tr46": "~0.0.3",
        "webidl-conversions": "^3.0.0"
      }
    },
    "node_modules/xtend": {
      "version": "4.0.2",
      "resolved": "https://npm.iranrepo.ir/api/npm/npm-all/xtend/-/xtend-4.0.2.tgz",
      "integrity": "sha1-u3J3n1+kZRhrH0OPZ0+jR/2121Q=",
      "license": "MIT",
      "engines": {
        "node": ">=0.4"
      }
    }
  },
  "dependencies": {
    "abort-controller": {
      "version": "3.0.0",
      "resolved": "https://npm.iranrepo.ir/api/npm/npm-all/abort-controller/-/abort-controller-3.0.0.tgz",
      "integrity": "sha1-6vVNU7YrrkE46AnKIlyEOabvs5I=",
      "requires": {
        "event-target-shim": "^5.0.0"
      }
    },
    "buffer-alloc": {
      "version": "1.2.0",
      "resolved": "https://npm.iranrepo.ir/api/npm/npm-all/buffer-alloc/-/buffer-alloc-1.2.0.tgz",
      "integrity": "sha1-iQ3ZDZI6hz4I4Q5f1RpX5bfM4Ow=",
      "requires": {
        "buffer-alloc-unsafe": "^1.1.0",
        "buffer-fill": "^1.0.0"
      }
    },
    "buffer-alloc-unsafe": {
      "version": "1.1.0",
      "resolved": "https://npm.iranrepo.ir/api/npm/npm-all/buffer-alloc-unsafe/-/buffer-alloc-unsafe-1.1.0.tgz",
      "integrity": "sha1-vX3CauKXLQ7aJTvgYdupkjScGfA="
    },
    "buffer-fill": {
      "version": "1.0.0",
      "resolved": "https://npm.iranrepo.ir/api/npm/npm-all/buffer-fill/-/buffer-fill-1.0.0.tgz",
      "integrity": "sha1-+PeLdniYiO858gXNY39o5wISKyw="
    },
    "buffer-writer": {
      "version": "2.0.0",
      "resolved": "https://npm.iranrepo.ir/api/npm/npm-all/buffer-writer/-/buffer-writer-2.0.0.tgz",
      "integrity": "sha1-zn64Gjj3gp2wnIc/L7t5LAyY7AQ="
    },
    "colorette": {
      "version": "2.0.19",
      "resolved": "https://npm.iranrepo.ir/api/npm/npm-all/colorette/-/colorette-2.0.19.tgz",
      "integrity": "sha1-zfBE9HrUGg9LVrOg1bTm4aLVp5g="
    },
    "commander": {
      "version": "9.5.0",
      "resolved": "https://npm.iranrepo.ir/api/npm/npm-all/commander/-/commander-9.5.0.tgz",
      "integrity": "sha1-vAjR61zt98y3l6lhmdQce8PmDTA="
    },
    "debug": {
      "version": "4.3.4",
      "resolved": "https://npm.iranrepo.ir/api/npm/npm-all/debug/-/debug-4.3.4.tgz",
      "integrity": "sha1-Exn2V5NX8jONMzfSzdSRS7XcyGU=",
      "requires": {
        "ms": "2.1.2"
      }
    },
    "escalade": {
      "version": "3.1.1",
      "resolved": "https://npm.iranrepo.ir/api/npm/npm-all/escalade/-/escalade-3.1.1.tgz",
      "integrity": "sha1-2M/ccACWXFoBdLSoLqpcBVJ0LkA="
    },
    "esm": {
      "version": "3.2.25",
      "resolved": "https://npm.iranrepo.ir/api/npm/npm-all/esm/-/esm-3.2.25.tgz",
      "integrity": "sha1-NCwYwp1WFXaIulzjH4Qx+7eVzBA="
    },
    "event-target-shim": {
      "version": "5.0.1",
      "resolved": "https://npm.iranrepo.ir/api/npm/npm-all/event-target-shim/-/event-target-shim-5.0.1.tgz",
      "integrity": "sha1-XU0+vflYPWOlMzzi3rdICrKwV4k="
    },
    "function-bind": {
      "version": "1.1.1",
      "resolved": "https://npm.iranrepo.ir/api/npm/npm-all/function-bind/-/function-bind-1.1.1.tgz",
      "integrity": "sha1-pWiZ0+o8m6uHS7l3O3xe3pL0iV0="
    },
    "get-package-type": {
      "version": "0.1.0",
      "resolved": "https://npm.iranrepo.ir/api/npm/npm-all/get-package-type/-/get-package-type-0.1.0.tgz",
      "integrity": "sha1-jeLYA8/0TfO8bEVuZmizbDkm4Ro="
    },
    "getopts": {
      "version": "2.3.0",
      "resolved": "https://npm.iranrepo.ir/api/npm/npm-all/getopts/-/getopts-2.3.0.tgz",
      "integrity": "sha1-ceVZMoSAfgPiQnRJ1PZxKiaGZvQ="
    },
    "has": {
      "version": "1.0.3",
      "resolved": "https://npm.iranrepo.ir/api/npm/npm-all/has/-/has-1.0.3.tgz",
      "integrity": "sha1-ci18v8H2qoJB8W3YFOAR4fQeh5Y=",
      "requires": {
        "function-bind": "^1.1.1"
      }
    },
    "interpret": {
      "version": "2.2.0",
      "resolved": "https://npm.iranrepo.ir/api/npm/npm-all/interpret/-/interpret-2.2.0.tgz",
      "integrity": "sha1-GnigtZZcQKVBbQB61vUK0nxBffk="
    },
    "is-core-module": {
      "version": "2.11.0",
      "resolved": "https://npm.iranrepo.ir/api/npm/npm-all/is-core-module/-/is-core-module-2.11.0.tgz",
      "integrity": "sha1-rUyz44Y+gUUjyW8/WNJsxXD/AUQ=",
      "requires": {
        "has": "^1.0.3"
      }
    },
    "knex": {
      "version": "2.4.2",
      "resolved": "https://npm.iranrepo.ir/api/npm/npm-all/knex/-/knex-2.4.2.tgz",
      "integrity": "sha1-o0oonThAbcGaBEenjury0W6+3WE=",
      "requires": {
        "colorette": "2.0.19",
        "commander": "^9.1.0",
        "debug": "4.3.4",
        "escalade": "^3.1.1",
        "esm": "^3.2.25",
        "get-package-type": "^0.1.0",
        "getopts": "2.3.0",
        "interpret": "^2.2.0",
        "lodash": "^4.17.21",
        "pg-connection-string": "2.5.0",
        "rechoir": "^0.8.0",
        "resolve-from": "^5.0.0",
        "tarn": "^3.0.2",
        "tildify": "2.0.0"
      }
    },
    "lodash": {
      "version": "4.17.21",
      "resolved": "https://npm.iranrepo.ir/api/npm/npm-all/lodash/-/lodash-4.17.21.tgz",
      "integrity": "sha1-Z5WRxWTDv/quhFTPCz3zcMPWkRw="
    },
    "mri": {
      "version": "1.2.0",
      "resolved": "https://npm.iranrepo.ir/api/npm/npm-all/mri/-/mri-1.2.0.tgz",
      "integrity": "sha1-ZyFID+wqEaSImGERWki2y+fMjws="
    },
    "ms": {
      "version": "2.1.2",
      "resolved": "https://npm.iranrepo.ir/api/npm/npm-all/ms/-/ms-2.1.2.tgz",
      "integrity": "sha1-0J0fNXtEP0kzgqjrPM0YOHKuYAk="
    },
    "node-fetch": {
      "version": "2.6.8",
      "resolved": "https://npm.iranrepo.ir/api/npm/npm-all/node-fetch/-/node-fetch-2.6.8.tgz",
      "integrity": "sha1-po0wsWK8HY/XGjZ+gbmX4fTUk34=",
      "requires": {
        "whatwg-url": "^5.0.0"
      }
    },
    "p-timeout": {
      "version": "4.1.0",
      "resolved": "https://npm.iranrepo.ir/api/npm/npm-all/p-timeout/-/p-timeout-4.1.0.tgz",
      "integrity": "sha1-eIJTwEUqsP/s8Ypi3/lP8b0Jygo="
    },
    "packet-reader": {
      "version": "1.0.0",
      "resolved": "https://npm.iranrepo.ir/api/npm/npm-all/packet-reader/-/packet-reader-1.0.0.tgz",
      "integrity": "sha1-kjjlSA3tq6z+H+PydxBj8WQVfXQ="
    },
    "path-parse": {
      "version": "1.0.7",
      "resolved": "https://npm.iranrepo.ir/api/npm/npm-all/path-parse/-/path-parse-1.0.7.tgz",
      "integrity": "sha1-+8EUtgykKzDZ2vWFjkvWi77bZzU="
    },
    "pg": {
      "version": "8.9.0",
      "resolved": "https://npm.iranrepo.ir/api/npm/npm-all/pg/-/pg-8.9.0.tgz",
      "integrity": "sha1-c8XXeoVNNrDhhUUNrLi5DGaeBAs=",
      "requires": {
        "buffer-writer": "2.0.0",
        "packet-reader": "1.0.0",
        "pg-connection-string": "^2.5.0",
        "pg-pool": "^3.5.2",
        "pg-protocol": "^1.6.0",
        "pg-types": "^2.1.0",
        "pgpass": "1.x"
      }
    },
    "pg-connection-string": {
      "version": "2.5.0",
      "resolved": "https://npm.iranrepo.ir/api/npm/npm-all/pg-connection-string/-/pg-connection-string-2.5.0.tgz",
      "integrity": "sha1-U4yt0PfmA/wJoSWQ87ikUsLAzzQ="
    },
    "pg-int8": {
      "version": "1.0.1",
      "resolved": "https://npm.iranrepo.ir/api/npm/npm-all/pg-int8/-/pg-int8-1.0.1.tgz",
      "integrity": "sha1-lDvUY79bcbQXARX4D478mgwOt4w="
    },
    "pg-pool": {
      "version": "3.5.2",
      "resolved": "https://npm.iranrepo.ir/api/npm/npm-all/pg-pool/-/pg-pool-3.5.2.tgz",
      "integrity": "sha1-7RvtH7jXnxxv1fscmemQ+/nd8Xg=",
      "requires": {}
    },
    "pg-protocol": {
      "version": "1.6.0",
      "resolved": "https://npm.iranrepo.ir/api/npm/npm-all/pg-protocol/-/pg-protocol-1.6.0.tgz",
      "integrity": "sha1-TJFhPAMVNJNjryCEYI24Q1AviDM="
    },
    "pg-types": {
      "version": "2.2.0",
      "resolved": "https://npm.iranrepo.ir/api/npm/npm-all/pg-types/-/pg-types-2.2.0.tgz",
      "integrity": "sha1-LQJQ1jZFT3z6O2rgOC/fqAYyVKM=",
      "requires": {
        "pg-int8": "1.0.1",
        "postgres-array": "~2.0.0",
        "postgres-bytea": "~1.0.0",
        "postgres-date": "~1.0.4",
        "postgres-interval": "^1.1.0"
      }
    },
    "pgpass": {
      "version": "1.0.5",
      "resolved": "https://npm.iranrepo.ir/api/npm/npm-all/pgpass/-/pgpass-1.0.5.tgz",
      "integrity": "sha1-m4c+SlZLsQ+np9vVUxJyjUIqIj0=",
      "requires": {
        "split2": "^4.1.0"
      }
    },
    "postgres-array": {
      "version": "2.0.0",
      "resolved": "https://npm.iranrepo.ir/api/npm/npm-all/postgres-array/-/postgres-array-2.0.0.tgz",
      "integrity": "sha1-SPj84FT7xpZxmZMpuINLdyZS2C4="
    },
    "postgres-bytea": {
      "version": "1.0.0",
      "resolved": "https://npm.iranrepo.ir/api/npm/npm-all/postgres-bytea/-/postgres-bytea-1.0.0.tgz",
      "integrity": "sha1-AntTPAqokOJtFy1Hz5zOzFIazTU="
    },
    "postgres-date": {
      "version": "1.0.7",
      "resolved": "https://npm.iranrepo.ir/api/npm/npm-all/postgres-date/-/postgres-date-1.0.7.tgz",
      "integrity": "sha1-UbwIYAYAXlBhxZHO5yfyUxv2Qag="
    },
    "postgres-interval": {
      "version": "1.2.0",
      "resolved": "https://npm.iranrepo.ir/api/npm/npm-all/postgres-interval/-/postgres-interval-1.2.0.tgz",
      "integrity": "sha1-tGDILLFYdQd4iBmgaqD//bNURpU=",
      "requires": {
        "xtend": "^4.0.0"
      }
    },
    "rechoir": {
      "version": "0.8.0",
      "resolved": "https://npm.iranrepo.ir/api/npm/npm-all/rechoir/-/rechoir-0.8.0.tgz",
      "integrity": "sha1-Sfhm4NMhRhQto62PDv81KzIV/yI=",
      "requires": {
        "resolve": "^1.20.0"
      }
    },
    "resolve": {
      "version": "1.22.1",
      "resolved": "https://npm.iranrepo.ir/api/npm/npm-all/resolve/-/resolve-1.22.1.tgz",
      "integrity": "sha1-J8suu1P5GrtJRwqSi7p1WAZqwXc=",
      "requires": {
        "is-core-module": "^2.9.0",
        "path-parse": "^1.0.7",
        "supports-preserve-symlinks-flag": "^1.0.0"
      }
    },
    "resolve-from": {
      "version": "5.0.0",
      "resolved": "https://npm.iranrepo.ir/api/npm/npm-all/resolve-from/-/resolve-from-5.0.0.tgz",
      "integrity": "sha1-w1IlhD3493bfIcV1V7wIfp39/Gk="
    },
    "safe-compare": {
      "version": "1.1.4",
      "resolved": "https://npm.iranrepo.ir/api/npm/npm-all/safe-compare/-/safe-compare-1.1.4.tgz",
      "integrity": "sha1-XgEoU4qCgg4uklDNeORdpnhrpZM=",
      "requires": {
        "buffer-alloc": "^1.2.0"
      }
    },
    "sandwich-stream": {
      "version": "2.0.2",
      "resolved": "https://npm.iranrepo.ir/api/npm/npm-all/sandwich-stream/-/sandwich-stream-2.0.2.tgz",
      "integrity": "sha1-bR/rbPfp/p+ttBUTRZpywuhAAPo="
    },
    "split2": {
      "version": "4.1.0",
      "resolved": "https://npm.iranrepo.ir/api/npm/npm-all/split2/-/split2-4.1.0.tgz",
      "integrity": "sha1-EBkHokNw+Fu3gvCK2qvk4oHs+Ak="
    },
    "supports-preserve-symlinks-flag": {
      "version": "1.0.0",
      "resolved": "https://npm.iranrepo.ir/api/npm/npm-all/supports-preserve-symlinks-flag/-/supports-preserve-symlinks-flag-1.0.0.tgz",
      "integrity": "sha1-btpL00SjyUrqN21MwxvHcxEDngk="
    },
    "tarn": {
      "version": "3.0.2",
      "resolved": "https://npm.iranrepo.ir/api/npm/npm-all/tarn/-/tarn-3.0.2.tgz",
      "integrity": "sha1-c7YUD7uIG3FVnE+L/ePZpLPSdpM="
    },
    "telegraf": {
      "version": "4.11.2",
      "resolved": "https://npm.iranrepo.ir/api/npm/npm-all/telegraf/-/telegraf-4.11.2.tgz",
      "integrity": "sha1-HPTnRBi0+26t3RGnTMULCXHAbDU=",
      "requires": {
        "abort-controller": "^3.0.0",
        "debug": "^4.3.4",
        "mri": "^1.2.0",
        "node-fetch": "^2.6.7",
        "p-timeout": "^4.1.0",
        "safe-compare": "^1.1.4",
        "sandwich-stream": "^2.0.2",
        "typegram": "^4.1.0"
      }
    },
    "tildify": {
      "version": "2.0.0",
      "resolved": "https://npm.iranrepo.ir/api/npm/npm-all/tildify/-/tildify-2.0.0.tgz",
      "integrity": "sha1-8gXzZ01nfOaYtwZ6melJzgO0dUo="
    },
    "tr46": {
      "version": "0.0.3",
      "resolved": "https://npm.iranrepo.ir/api/npm/npm-all/tr46/-/tr46-0.0.3.tgz",
      "integrity": "sha1-gYT9NH2snNwYWZLzpmIuFLnZq2o="
    },
    "typegram": {
      "version": "4.2.0",
      "resolved": "https://npm.iranrepo.ir/api/npm/npm-all/typegram/-/typegram-4.2.0.tgz",
      "integrity": "sha1-w/2451daGD4ZlOIURAqo8SpGjUM="
    },
    "webidl-conversions": {
      "version": "3.0.1",
      "resolved": "https://npm.iranrepo.ir/api/npm/npm-all/webidl-conversions/-/webidl-conversions-3.0.1.tgz",
      "integrity": "sha1-JFNCdeKnvGvnvIZhHMFq4KVlSHE="
    },
    "whatwg-url": {
      "version": "5.0.0",
      "resolved": "https://npm.iranrepo.ir/api/npm/npm-all/whatwg-url/-/whatwg-url-5.0.0.tgz",
      "integrity": "sha1-lmRU6HZUYuN2RNNib2dCzotwll0=",
      "requires": {
        "tr46": "~0.0.3",
        "webidl-conversions": "^3.0.0"
      }
    },
    "xtend": {
      "version": "4.0.2",
      "resolved": "https://npm.iranrepo.ir/api/npm/npm-all/xtend/-/xtend-4.0.2.tgz",
      "integrity": "sha1-u3J3n1+kZRhrH0OPZ0+jR/2121Q="
    }
  }
}
